<?xml version="1.0" encoding="utf-8"?>
<Project ToolsVersion="4.0" xmlns="http://schemas.microsoft.com/developer/msbuild/2003">
  <ItemGroup>
    <Filter Include="Source Files">
      <UniqueIdentifier>{4FC737F1-C7A5-4376-A066-2A32D752A2FF}</UniqueIdentifier>
      <Extensions>cpp;c;cc;cxx;def;odl;idl;hpj;bat;asm;asmx</Extensions>
    </Filter>
    <Filter Include="Header Files">
      <UniqueIdentifier>{93995380-89BD-4b04-88EB-625FBE52EBFB}</UniqueIdentifier>
      <Extensions>h;hh;hpp;hxx;hm;inl;inc;xsd</Extensions>
    </Filter>
    <Filter Include="Resource Files">
      <UniqueIdentifier>{67DA6AB6-F800-4c08-8B7A-83BB121AAD01}</UniqueIdentifier>
      <Extensions>rc;ico;cur;bmp;dlg;rc2;rct;bin;rgs;gif;jpg;jpeg;jpe;resx;tiff;tif;png;wav;mfcribbon-ms</Extensions>
    </Filter>
  </ItemGroup>
  <ItemGroup>
    <ClCompile Include="Zanarkand.cpp">
      <Filter>Source Files</Filter>
    </ClCompile>
    <ClCompile Include="FinalFantasyX\MemoryData\CharacterData.cpp">
      <Filter>Source Files</Filter>
    </ClCompile>
    <ClCompile Include="FinalFantasyX\Objects\Characters\Aeons\Members\Anima.cpp">
      <Filter>Source Files</Filter>
    </ClCompile>
    <ClCompile Include="FinalFantasyX\Objects\Characters\Aeons\Members\Bahamut.cpp">
      <Filter>Source Files</Filter>
    </ClCompile>
    <ClCompile Include="FinalFantasyX\Objects\Characters\Aeons\Members\Cindy.cpp">
      <Filter>Source Files</Filter>
    </ClCompile>
    <ClCompile Include="FinalFantasyX\Objects\Characters\Aeons\Members\Ifrit.cpp">
      <Filter>Source Files</Filter>
    </ClCompile>
    <ClCompile Include="FinalFantasyX\Objects\Characters\Aeons\Members\Ixion.cpp">
      <Filter>Source Files</Filter>
    </ClCompile>
    <ClCompile Include="FinalFantasyX\Objects\Characters\Aeons\Members\Mindy.cpp">
      <Filter>Source Files</Filter>
    </ClCompile>
    <ClCompile Include="FinalFantasyX\Objects\Characters\Aeons\Members\Sandy.cpp">
      <Filter>Source Files</Filter>
    </ClCompile>
    <ClCompile Include="FinalFantasyX\Objects\Characters\Aeons\Members\Shiva.cpp">
      <Filter>Source Files</Filter>
    </ClCompile>
    <ClCompile Include="FinalFantasyX\Objects\Characters\Aeons\Members\Valefor.cpp">
      <Filter>Source Files</Filter>
    </ClCompile>
    <ClCompile Include="FinalFantasyX\Objects\Characters\Aeons\Members\Yojimbo.cpp">
      <Filter>Source Files</Filter>
    </ClCompile>
    <ClCompile Include="FinalFantasyX\Objects\Characters\Aeons\Aeon.cpp">
      <Filter>Source Files</Filter>
    </ClCompile>
    <ClCompile Include="FinalFantasyX\Objects\Characters\Guardians\Members\Auron.cpp">
      <Filter>Source Files</Filter>
    </ClCompile>
    <ClCompile Include="FinalFantasyX\Objects\Characters\Guardians\Members\Kimahri.cpp">
      <Filter>Source Files</Filter>
    </ClCompile>
    <ClCompile Include="FinalFantasyX\Objects\Characters\Guardians\Members\Lulu.cpp">
      <Filter>Source Files</Filter>
    </ClCompile>
    <ClCompile Include="FinalFantasyX\Objects\Characters\Guardians\Members\Rikku.cpp">
      <Filter>Source Files</Filter>
    </ClCompile>
    <ClCompile Include="FinalFantasyX\Objects\Characters\Guardians\Members\Seymour.cpp">
      <Filter>Source Files</Filter>
    </ClCompile>
    <ClCompile Include="FinalFantasyX\Objects\Characters\Guardians\Members\Tidus.cpp">
      <Filter>Source Files</Filter>
    </ClCompile>
    <ClCompile Include="FinalFantasyX\Objects\Characters\Guardians\Members\Wakka.cpp">
      <Filter>Source Files</Filter>
    </ClCompile>
    <ClCompile Include="FinalFantasyX\Objects\Characters\Guardians\Members\Yuna.cpp">
      <Filter>Source Files</Filter>
    </ClCompile>
    <ClCompile Include="FinalFantasyX\Objects\Characters\Guardians\Guardian.cpp">
      <Filter>Source Files</Filter>
    </ClCompile>
    <ClCompile Include="FinalFantasyX\Objects\Miscellaneous\Miscellaneous.cpp">
      <Filter>Source Files</Filter>
    </ClCompile>
    <ClCompile Include="FinalFantasyX\Process\Process.cpp">
      <Filter>Source Files</Filter>
    </ClCompile>
    <ClCompile Include="FinalFantasyX\Values\_Ability.cpp">
      <Filter>Source Files</Filter>
    </ClCompile>
    <ClCompile Include="FinalFantasyX\Values\_AutoAbility.cpp">
      <Filter>Source Files</Filter>
    </ClCompile>
    <ClCompile Include="FinalFantasyX\Values\_CharEncoding.cpp">
      <Filter>Source Files</Filter>
    </ClCompile>
    <ClCompile Include="FinalFantasyX\Values\_Item.cpp">
      <Filter>Source Files</Filter>
    </ClCompile>
    <ClCompile Include="FinalFantasyX\Values\_KeyItem.cpp">
      <Filter>Source Files</Filter>
    </ClCompile>
    <ClCompile Include="FinalFantasyX\Values\_Overdrive.cpp">
      <Filter>Source Files</Filter>
    </ClCompile>
    <ClCompile Include="FinalFantasyX\Values\_OverdriveMode.cpp">
      <Filter>Source Files</Filter>
    </ClCompile>
    <ClCompile Include="FinalFantasyX\Values\_PartyStatus.cpp">
      <Filter>Source Files</Filter>
    </ClCompile>
  </ItemGroup>
  <ItemGroup>
    <ClInclude Include="FinalFantasyX\MemoryData\CharacterData.h">
      <Filter>Header Files</Filter>
    </ClInclude>
    <ClInclude Include="FinalFantasyX\MemoryData\DebugData.h">
      <Filter>Header Files</Filter>
    </ClInclude>
    <ClInclude Include="FinalFantasyX\MemoryData\ItemData.h">
      <Filter>Header Files</Filter>
    </ClInclude>
    <ClInclude Include="FinalFantasyX\Objects\Characters\Aeons\Members\Anima.h">
      <Filter>Header Files</Filter>
    </ClInclude>
    <ClInclude Include="FinalFantasyX\Objects\Characters\Aeons\Members\Bahamut.h">
      <Filter>Header Files</Filter>
    </ClInclude>
    <ClInclude Include="FinalFantasyX\Objects\Characters\Aeons\Members\Cindy.h">
      <Filter>Header Files</Filter>
    </ClInclude>
    <ClInclude Include="FinalFantasyX\Objects\Characters\Aeons\Members\Ifrit.h">
      <Filter>Header Files</Filter>
    </ClInclude>
    <ClInclude Include="FinalFantasyX\Objects\Characters\Aeons\Members\Ixion.h">
      <Filter>Header Files</Filter>
    </ClInclude>
    <ClInclude Include="FinalFantasyX\Objects\Characters\Aeons\Members\Mindy.h">
      <Filter>Header Files</Filter>
    </ClInclude>
    <ClInclude Include="FinalFantasyX\Objects\Characters\Aeons\Members\Sandy.h">
      <Filter>Header Files</Filter>
    </ClInclude>
    <ClInclude Include="FinalFantasyX\Objects\Characters\Aeons\Members\Shiva.h">
      <Filter>Header Files</Filter>
    </ClInclude>
    <ClInclude Include="FinalFantasyX\Objects\Characters\Aeons\Members\Valefor.h">
      <Filter>Header Files</Filter>
    </ClInclude>
    <ClInclude Include="FinalFantasyX\Objects\Characters\Aeons\Members\Yojimbo.h">
      <Filter>Header Files</Filter>
    </ClInclude>
    <ClInclude Include="FinalFantasyX\Objects\Characters\Aeons\Aeon.h">
      <Filter>Header Files</Filter>
    </ClInclude>
    <ClInclude Include="FinalFantasyX\Objects\Characters\Guardians\Members\Auron.h">
      <Filter>Header Files</Filter>
    </ClInclude>
    <ClInclude Include="FinalFantasyX\Objects\Characters\Guardians\Members\Kimahri.h">
      <Filter>Header Files</Filter>
    </ClInclude>
    <ClInclude Include="FinalFantasyX\Objects\Characters\Guardians\Members\Lulu.h">
      <Filter>Header Files</Filter>
    </ClInclude>
    <ClInclude Include="FinalFantasyX\Objects\Characters\Guardians\Members\Rikku.h">
      <Filter>Header Files</Filter>
    </ClInclude>
    <ClInclude Include="FinalFantasyX\Objects\Characters\Guardians\Members\Seymour.h">
      <Filter>Header Files</Filter>
    </ClInclude>
    <ClInclude Include="FinalFantasyX\Objects\Characters\Guardians\Members\Tidus.h">
      <Filter>Header Files</Filter>
    </ClInclude>
    <ClInclude Include="FinalFantasyX\Objects\Characters\Guardians\Members\Wakka.h">
      <Filter>Header Files</Filter>
    </ClInclude>
    <ClInclude Include="FinalFantasyX\Objects\Characters\Guardians\Members\Yuna.h">
      <Filter>Header Files</Filter>
    </ClInclude>
    <ClInclude Include="FinalFantasyX\Objects\Characters\Guardians\Guardian.h">
      <Filter>Header Files</Filter>
    </ClInclude>
    <ClInclude Include="FinalFantasyX\Objects\Debug\Debug.h">
      <Filter>Header Files</Filter>
    </ClInclude>
    <ClInclude Include="FinalFantasyX\Objects\Items\Item.h">
      <Filter>Header Files</Filter>
    </ClInclude>
    <ClInclude Include="FinalFantasyX\Objects\Miscellaneous\Miscellaneous.h">
      <Filter>Header Files</Filter>
    </ClInclude>
    <ClInclude Include="FinalFantasyX\Process\Process.h">
      <Filter>Header Files</Filter>
    </ClInclude>
    <ClInclude Include="FinalFantasyX\Utility\Utility.h">
      <Filter>Header Files</Filter>
    </ClInclude>
    <ClInclude Include="FinalFantasyX\Values\_Ability.h">
      <Filter>Header Files</Filter>
    </ClInclude>
    <ClInclude Include="FinalFantasyX\Values\_AutoAbility.h">
      <Filter>Header Files</Filter>
    </ClInclude>
    <ClInclude Include="FinalFantasyX\Values\_CharEncoding.h">
      <Filter>Header Files</Filter>
    </ClInclude>
    <ClInclude Include="FinalFantasyX\Values\_Item.h">
      <Filter>Header Files</Filter>
    </ClInclude>
    <ClInclude Include="FinalFantasyX\Values\_KeyItem.h">
      <Filter>Header Files</Filter>
    </ClInclude>
    <ClInclude Include="FinalFantasyX\Values\_Overdrive.h">
      <Filter>Header Files</Filter>
    </ClInclude>
    <ClInclude Include="FinalFantasyX\Values\_OverdriveMode.h">
      <Filter>Header Files</Filter>
    </ClInclude>
    <ClInclude Include="FinalFantasyX\Values\_PartyStatus.h">
      <Filter>Header Files</Filter>
    </ClInclude>
    <ClInclude Include="FinalFantasyX\Values\Values.h">
      <Filter>Header Files</Filter>
    </ClInclude>
    <ClInclude Include="FinalFantasyX\Offset.h">
      <Filter>Header Files</Filter>
    </ClInclude>
  </ItemGroup>
</Project>